{
  "version": "5",
  "specifiers": {
    "jsr:@mary/array-fns@~0.1.5": "0.1.5",
    "npm:@atcute/atproto@^3.1.10": "3.1.10",
    "npm:@atcute/client@^4.2.1": "4.2.1",
    "npm:@atcute/identity-resolver@^1.2.2": "1.2.2_@atcute+identity@1.1.3",
    "npm:@atcute/identity@^1.1.3": "1.1.3",
    "npm:@atcute/lexicon-doc@^2.0.6": "2.0.6",
    "npm:@atcute/lexicon-resolver@~0.1.6": "0.1.6_@atcute+identity@1.1.3_@atcute+identity-resolver@1.2.2__@atcute+identity@1.1.3",
    "npm:@atcute/lexicons@^1.2.6": "1.2.6",
    "npm:@badrap/valita@~0.4.6": "0.4.6",
    "npm:date-fns@^4.1.0": "4.1.0",
    "npm:dequal@^2.0.3": "2.0.3"
  },
  "jsr": {
    "@mary/array-fns@0.1.5": {
      "integrity": "45c828d85328fc7361cf059e3e0419aefacaf1ecf6bf44778112beadeaee9d3b"
    }
  },
  "npm": {
    "@atcute/atproto@3.1.10": {
      "integrity": "sha512-+GKZpOc0PJcdWMQEkTfg/rSNDAAHxmAUGBl60g2az15etqJn5WaUPNGFE2sB7hKpwi5Ue2h/L0OacINcE/JDDQ==",
      "dependencies": [
        "@atcute/lexicons"
      ]
    },
    "@atcute/car@5.1.0": {
      "integrity": "sha512-W9axHVrwIkZJaeN/VQ1LyyU3b95wHBjQnrREouxygvmvWd1lmjFvF8Si8b0AG0VkWJ6h7h6qhOeUATynBzBFIg==",
      "dependencies": [
        "@atcute/cbor",
        "@atcute/cid",
        "@atcute/uint8array",
        "@atcute/varint"
      ]
    },
    "@atcute/cbor@2.3.0": {
      "integrity": "sha512-7G2AndkfYzIXMBOBqUPUWP6oIJJm77KY5nYzS4Mr5NNxnmnrBrXEQqp+seCE3X5TV8FUSWQK5YRTU87uPjafMQ==",
      "dependencies": [
        "@atcute/cid",
        "@atcute/multibase",
        "@atcute/uint8array"
      ]
    },
    "@atcute/cid@2.4.0": {
      "integrity": "sha512-6+5u9MpUrgSRQ94z7vaIX4BYk8fYr2KXUBS+rrr2NhlPy8xam8nbTlmd3hvBbtpSwShbhRAE4tA5Ab7eYUp2Yw==",
      "dependencies": [
        "@atcute/multibase",
        "@atcute/uint8array"
      ]
    },
    "@atcute/client@4.2.1": {
      "integrity": "sha512-ZBFM2pW075JtgGFu5g7HHZBecrClhlcNH8GVP9Zz1aViWR+cjjBsTpeE63rJs+FCOHFYlirUyo5L8SGZ4kMINw==",
      "dependencies": [
        "@atcute/identity",
        "@atcute/lexicons"
      ]
    },
    "@atcute/crypto@2.3.0": {
      "integrity": "sha512-w5pkJKCjbNMQu+F4JRHbR3ROQyhi1wbn+GSC6WDQamcYHkZmEZk1/eoI354bIQOOfkEM6aFLv718iskrkon4GQ==",
      "dependencies": [
        "@atcute/multibase",
        "@atcute/uint8array",
        "@noble/secp256k1"
      ]
    },
    "@atcute/identity-resolver@1.2.2_@atcute+identity@1.1.3": {
      "integrity": "sha512-eUh/UH4bFvuXS0X7epYCeJC/kj4rbBXfSRumLEH4smMVwNOgTo7cL/0Srty+P/qVPoZEyXdfEbS0PHJyzoXmHw==",
      "dependencies": [
        "@atcute/identity",
        "@atcute/lexicons",
        "@atcute/util-fetch",
        "@badrap/valita"
      ]
    },
    "@atcute/identity@1.1.3": {
      "integrity": "sha512-oIqPoI8TwWeQxvcLmFEZLdN2XdWcaLVtlm8pNk0E72As9HNzzD9pwKPrLr3rmTLRIoULPPFmq9iFNsTeCIU9ng==",
      "dependencies": [
        "@atcute/lexicons",
        "@badrap/valita"
      ]
    },
    "@atcute/lexicon-doc@2.0.6": {
      "integrity": "sha512-iDYJkuom+tIw3zIvU1ggCEVFfReXKfOUtIhpY2kEg2kQeSfMB75F+8k1QOpeAQBetyWYmjsHqBuSUX9oQS6L1Q==",
      "dependencies": [
        "@atcute/identity",
        "@atcute/lexicons",
        "@atcute/uint8array",
        "@atcute/util-text",
        "@badrap/valita"
      ]
    },
    "@atcute/lexicon-resolver@0.1.6_@atcute+identity@1.1.3_@atcute+identity-resolver@1.2.2__@atcute+identity@1.1.3": {
      "integrity": "sha512-wJC/ChmpP7k+ywpOd07CMvioXjIGaFpF3bDwXLi/086LYjSWHOvtW6pyC+mqP5wLhjyH2hn4wmi77Buew1l1aw==",
      "dependencies": [
        "@atcute/crypto",
        "@atcute/identity",
        "@atcute/identity-resolver",
        "@atcute/lexicon-doc",
        "@atcute/lexicons",
        "@atcute/repo",
        "@atcute/util-fetch",
        "@badrap/valita"
      ]
    },
    "@atcute/lexicons@1.2.6": {
      "integrity": "sha512-s76UQd8D+XmHIzrjD9CJ9SOOeeLPHc+sMmcj7UFakAW/dDFXc579fcRdRfuUKvXBL5v1Gs2VgDdlh/IvvQZAwA==",
      "dependencies": [
        "@atcute/uint8array",
        "@atcute/util-text",
        "@standard-schema/spec",
        "esm-env"
      ]
    },
    "@atcute/mst@0.1.2": {
      "integrity": "sha512-Oz5CZTjqauEJLT9B+zkoy/mjl216DrjCxJFrguRV3N+1NkIbCfAcSRf3UDSNjfzDzBkJvC1WjA/3oQkm83duPg==",
      "dependencies": [
        "@atcute/cbor",
        "@atcute/cid",
        "@atcute/uint8array"
      ]
    },
    "@atcute/multibase@1.1.6": {
      "integrity": "sha512-HBxuCgYLKPPxETV0Rot4VP9e24vKl8JdzGCZOVsDaOXJgbRZoRIF67Lp0H/OgnJeH/Xpva8Z5ReoTNJE5dn3kg==",
      "dependencies": [
        "@atcute/uint8array"
      ]
    },
    "@atcute/repo@0.1.1": {
      "integrity": "sha512-P5aWjt3bvcquUkUmGPslF0naAfLGRHse5Qdz9/RJYrFuoH0iiEMyRnW6M+3ksOe20GPsMnbq71WbzzFkRFPBtg==",
      "dependencies": [
        "@atcute/car",
        "@atcute/cbor",
        "@atcute/cid",
        "@atcute/crypto",
        "@atcute/lexicons",
        "@atcute/mst",
        "@atcute/uint8array"
      ]
    },
    "@atcute/uint8array@1.0.6": {
      "integrity": "sha512-ucfRBQc7BFT8n9eCyGOzDHEMKF/nZwhS2pPao4Xtab1ML3HdFYcX2DM1tadCzas85QTGxHe5urnUAAcNKGRi9A=="
    },
    "@atcute/util-fetch@1.0.5": {
      "integrity": "sha512-qjHj01BGxjSjIFdPiAjSARnodJIIyKxnCMMEcXMESo9TAyND6XZQqrie5fia+LlYWVXdpsTds8uFQwc9jdKTig==",
      "dependencies": [
        "@badrap/valita"
      ]
    },
    "@atcute/util-text@0.0.1": {
      "integrity": "sha512-t1KZqvn0AYy+h2KcJyHnKF9aEqfRfMUmyY8j1ELtAEIgqN9CxINAjxnoRCJIFUlvWzb+oY3uElQL/Vyk3yss0g==",
      "dependencies": [
        "unicode-segmenter"
      ]
    },
    "@atcute/varint@1.0.3": {
      "integrity": "sha512-fdvMPyBB+McDT+Ai5e9RwEbwYV4yjZ60S2Dn5PTjGqUyxvoCH1z42viuheDZRUDkmfQehXJTZ5az7dSozVNtog=="
    },
    "@badrap/valita@0.4.6": {
      "integrity": "sha512-4kdqcjyxo/8RQ8ayjms47HCWZIF5981oE5nIenbfThKDxWXtEHKipAOWlflpPJzZx9y/JWYQkp18Awr7VuepFg=="
    },
    "@noble/secp256k1@3.0.0": {
      "integrity": "sha512-NJBaR352KyIvj3t6sgT/+7xrNyF9Xk9QlLSIqUGVUYlsnDTAUqY8LOmwpcgEx4AMJXRITQ5XEVHD+mMaPfr3mg=="
    },
    "@standard-schema/spec@1.1.0": {
      "integrity": "sha512-l2aFy5jALhniG5HgqrD6jXLi/rUWrKvqN/qJx6yoJsgKhblVd+iqqU4RCXavm/jPityDo5TCvKMnpjKnOriy0w=="
    },
    "date-fns@4.1.0": {
      "integrity": "sha512-Ukq0owbQXxa/U3EGtsdVBkR1w7KOQ5gIBqdH2hkvknzZPYvBxb/aa6E8L7tmjFtkwZBu3UXBbjIgPo/Ez4xaNg=="
    },
    "dequal@2.0.3": {
      "integrity": "sha512-0je+qPKHEMohvfRTCEo3CrPG6cAzAYgmzKyxRiYSSDkS6eGJdyVJm7WaYA5ECaAD9wLB2T4EEeymA5aFVcYXCA=="
    },
    "esm-env@1.2.2": {
      "integrity": "sha512-Epxrv+Nr/CaL4ZcFGPJIYLWFom+YeV1DqMLHJoEd9SYRxNbaFruBwfEX/kkHUJf55j2+TUbmDcmuilbP1TmXHA=="
    },
    "unicode-segmenter@0.14.5": {
      "integrity": "sha512-jHGmj2LUuqDcX3hqY12Ql+uhUTn8huuxNZGq7GvtF6bSybzH3aFgedYu/KTzQStEgt1Ra2F3HxadNXsNjb3m3g=="
    }
  },
  "workspace": {
    "dependencies": [
      "jsr:@mary/array-fns@~0.1.5",
      "npm:@atcute/atproto@^3.1.10",
      "npm:@atcute/client@^4.2.1",
      "npm:@atcute/identity-resolver@^1.2.2",
      "npm:@atcute/identity@^1.1.3",
      "npm:@atcute/lexicon-doc@^2.0.6",
      "npm:@atcute/lexicon-resolver@~0.1.6",
      "npm:@atcute/lexicons@^1.2.6",
      "npm:@badrap/valita@~0.4.6",
      "npm:date-fns@^4.1.0",
      "npm:dequal@^2.0.3"
    ]
  }
}
